// !$*UTF8*$!
{
	archiveVersion = 1;
	classes = {
	};
	objectVersion = 48;
	objects = {

/* Begin PBXBuildFile section */
		0B02B696D38F709BBF606BEA /* Pods_ios_recruit_challenge_ios_recruit_challengeUITests.framework in Frameworks */ = {isa = PBXBuildFile; fileRef = 9AACF8794D06070493731069 /* Pods_ios_recruit_challenge_ios_recruit_challengeUITests.framework */; };
		7B96CAAB0B607F1226F7D379 /* Pods_ios_recruit_challengeTests.framework in Frameworks */ = {isa = PBXBuildFile; fileRef = D1E62299D74774821536AD86 /* Pods_ios_recruit_challengeTests.framework */; };
		9EAE44C220290E4A00769F4B /* AppDelegate.swift in Sources */ = {isa = PBXBuildFile; fileRef = 9EAE44C120290E4A00769F4B /* AppDelegate.swift */; };
		9EAE44C420290E4A00769F4B /* ViewController.swift in Sources */ = {isa = PBXBuildFile; fileRef = 9EAE44C320290E4A00769F4B /* ViewController.swift */; };
		9EAE44C720290E4A00769F4B /* Main.storyboard in Resources */ = {isa = PBXBuildFile; fileRef = 9EAE44C520290E4A00769F4B /* Main.storyboard */; };
		9EAE44C920290E4A00769F4B /* Assets.xcassets in Resources */ = {isa = PBXBuildFile; fileRef = 9EAE44C820290E4A00769F4B /* Assets.xcassets */; };
		9EAE44CC20290E4A00769F4B /* LaunchScreen.storyboard in Resources */ = {isa = PBXBuildFile; fileRef = 9EAE44CA20290E4A00769F4B /* LaunchScreen.storyboard */; };
		9EAE44D720290E4A00769F4B /* ios_recruit_challengeTests.swift in Sources */ = {isa = PBXBuildFile; fileRef = 9EAE44D620290E4A00769F4B /* ios_recruit_challengeTests.swift */; };
		9EAE44E220290E4A00769F4B /* ios_recruit_challengeUITests.swift in Sources */ = {isa = PBXBuildFile; fileRef = 9EAE44E120290E4A00769F4B /* ios_recruit_challengeUITests.swift */; };
		9EAE44F120293C6700769F4B /* MovieApi.swift in Sources */ = {isa = PBXBuildFile; fileRef = 9EAE44F020293C6700769F4B /* MovieApi.swift */; };
		9EAE44F720293E1300769F4B /* Utils.swift in Sources */ = {isa = PBXBuildFile; fileRef = 9EAE44F620293E1300769F4B /* Utils.swift */; };
		9EAE44F92029409100769F4B /* MovieApiError.swift in Sources */ = {isa = PBXBuildFile; fileRef = 9EAE44F82029409100769F4B /* MovieApiError.swift */; };
		9EAE44FB2029426600769F4B /* GenericResponseString.swift in Sources */ = {isa = PBXBuildFile; fileRef = 9EAE44FA2029426600769F4B /* GenericResponseString.swift */; };
		9EAE44FE202946C500769F4B /* MovieWorker.swift in Sources */ = {isa = PBXBuildFile; fileRef = 9EAE44FD202946C500769F4B /* MovieWorker.swift */; };
		9EAE4502202947A700769F4B /* MovieWorkerTests.swift in Sources */ = {isa = PBXBuildFile; fileRef = 9EAE4501202947A700769F4B /* MovieWorkerTests.swift */; };
		9EAE450520294BFB00769F4B /* movie_popular_success.json in Resources */ = {isa = PBXBuildFile; fileRef = 9EAE450420294BFB00769F4B /* movie_popular_success.json */; };
		9EAE450820294E3D00769F4B /* Movie.swift in Sources */ = {isa = PBXBuildFile; fileRef = 9EAE450720294E3D00769F4B /* Movie.swift */; };
		9EAE450A20294EF100769F4B /* MovieResult.swift in Sources */ = {isa = PBXBuildFile; fileRef = 9EAE450920294EF100769F4B /* MovieResult.swift */; };
		9EAE450D2029595700769F4B /* movie_popular_not_found.json in Resources */ = {isa = PBXBuildFile; fileRef = 9EAE450B2029595700769F4B /* movie_popular_not_found.json */; };
		9EAE450E2029595700769F4B /* movie_popular_unauthorized.json in Resources */ = {isa = PBXBuildFile; fileRef = 9EAE450C2029595700769F4B /* movie_popular_unauthorized.json */; };
		9EAE45102029CF4300769F4B /* GenreList.swift in Sources */ = {isa = PBXBuildFile; fileRef = 9EAE450F2029CF4300769F4B /* GenreList.swift */; };
		9EAE45122029CF4B00769F4B /* Genre.swift in Sources */ = {isa = PBXBuildFile; fileRef = 9EAE45112029CF4B00769F4B /* Genre.swift */; };
		9EAE45142029D58B00769F4B /* genre_success.json in Resources */ = {isa = PBXBuildFile; fileRef = 9EAE45132029D58B00769F4B /* genre_success.json */; };
		9EAE4517202A0B6400769F4B /* genre_not_found.json in Resources */ = {isa = PBXBuildFile; fileRef = 9EAE4515202A0B6400769F4B /* genre_not_found.json */; };
		9EAE4518202A0B6400769F4B /* genre_unauthorized.json in Resources */ = {isa = PBXBuildFile; fileRef = 9EAE4516202A0B6400769F4B /* genre_unauthorized.json */; };
		9EAE4554202A850300769F4B /* MovieDetails.swift in Sources */ = {isa = PBXBuildFile; fileRef = 9EAE4553202A850300769F4B /* MovieDetails.swift */; };
		9EAE4558202A8B3900769F4B /* movie_details_not_found.json in Resources */ = {isa = PBXBuildFile; fileRef = 9EAE4555202A8B3900769F4B /* movie_details_not_found.json */; };
		9EAE4559202A8B3900769F4B /* movie_details_success.json in Resources */ = {isa = PBXBuildFile; fileRef = 9EAE4556202A8B3900769F4B /* movie_details_success.json */; };
		9EAE455A202A8B3900769F4B /* movie_details_unauthorized.json in Resources */ = {isa = PBXBuildFile; fileRef = 9EAE4557202A8B3900769F4B /* movie_details_unauthorized.json */; };
		E15DEE0456F9FC2D851CACFF /* Pods_ios_recruit_challenge.framework in Frameworks */ = {isa = PBXBuildFile; fileRef = D6F20C3AAAF14FCAB0E66EBB /* Pods_ios_recruit_challenge.framework */; };
/* End PBXBuildFile section */

/* Begin PBXContainerItemProxy section */
		9EAE44D320290E4A00769F4B /* PBXContainerItemProxy */ = {
			isa = PBXContainerItemProxy;
			containerPortal = 9EAE44B620290E4A00769F4B /* Project object */;
			proxyType = 1;
			remoteGlobalIDString = 9EAE44BD20290E4A00769F4B;
			remoteInfo = "ios-recruit-challenge";
		};
		9EAE44DE20290E4A00769F4B /* PBXContainerItemProxy */ = {
			isa = PBXContainerItemProxy;
			containerPortal = 9EAE44B620290E4A00769F4B /* Project object */;
			proxyType = 1;
			remoteGlobalIDString = 9EAE44BD20290E4A00769F4B;
			remoteInfo = "ios-recruit-challenge";
		};
/* End PBXContainerItemProxy section */

/* Begin PBXFileReference section */
		1508C664F0718A24271698BD /* Pods-ios-recruit-challenge-ios-recruit-challengeUITests.debug.xcconfig */ = {isa = PBXFileReference; includeInIndex = 1; lastKnownFileType = text.xcconfig; name = "Pods-ios-recruit-challenge-ios-recruit-challengeUITests.debug.xcconfig"; path = "Pods/Target Support Files/Pods-ios-recruit-challenge-ios-recruit-challengeUITests/Pods-ios-recruit-challenge-ios-recruit-challengeUITests.debug.xcconfig"; sourceTree = "<group>"; };
		2913E20869565E6FF105CBF5 /* Pods-ios-recruit-challengeTests.release.xcconfig */ = {isa = PBXFileReference; includeInIndex = 1; lastKnownFileType = text.xcconfig; name = "Pods-ios-recruit-challengeTests.release.xcconfig"; path = "Pods/Target Support Files/Pods-ios-recruit-challengeTests/Pods-ios-recruit-challengeTests.release.xcconfig"; sourceTree = "<group>"; };
		3FF0C2657E12A2F0C292D0B0 /* Pods-ios-recruit-challengeTests.debug.xcconfig */ = {isa = PBXFileReference; includeInIndex = 1; lastKnownFileType = text.xcconfig; name = "Pods-ios-recruit-challengeTests.debug.xcconfig"; path = "Pods/Target Support Files/Pods-ios-recruit-challengeTests/Pods-ios-recruit-challengeTests.debug.xcconfig"; sourceTree = "<group>"; };
		7B5A8AEB2A0DCA5FCE356061 /* Pods-ios-recruit-challenge.debug.xcconfig */ = {isa = PBXFileReference; includeInIndex = 1; lastKnownFileType = text.xcconfig; name = "Pods-ios-recruit-challenge.debug.xcconfig"; path = "Pods/Target Support Files/Pods-ios-recruit-challenge/Pods-ios-recruit-challenge.debug.xcconfig"; sourceTree = "<group>"; };
		9AACF8794D06070493731069 /* Pods_ios_recruit_challenge_ios_recruit_challengeUITests.framework */ = {isa = PBXFileReference; explicitFileType = wrapper.framework; includeInIndex = 0; path = Pods_ios_recruit_challenge_ios_recruit_challengeUITests.framework; sourceTree = BUILT_PRODUCTS_DIR; };
		9CD2CBC0D85D5E350244CE7F /* Pods-ios-recruit-challenge.release.xcconfig */ = {isa = PBXFileReference; includeInIndex = 1; lastKnownFileType = text.xcconfig; name = "Pods-ios-recruit-challenge.release.xcconfig"; path = "Pods/Target Support Files/Pods-ios-recruit-challenge/Pods-ios-recruit-challenge.release.xcconfig"; sourceTree = "<group>"; };
		9EAE44BE20290E4A00769F4B /* ios-recruit-challenge.app */ = {isa = PBXFileReference; explicitFileType = wrapper.application; includeInIndex = 0; path = "ios-recruit-challenge.app"; sourceTree = BUILT_PRODUCTS_DIR; };
		9EAE44C120290E4A00769F4B /* AppDelegate.swift */ = {isa = PBXFileReference; lastKnownFileType = sourcecode.swift; path = AppDelegate.swift; sourceTree = "<group>"; };
		9EAE44C320290E4A00769F4B /* ViewController.swift */ = {isa = PBXFileReference; lastKnownFileType = sourcecode.swift; path = ViewController.swift; sourceTree = "<group>"; };
		9EAE44C620290E4A00769F4B /* Base */ = {isa = PBXFileReference; lastKnownFileType = file.storyboard; name = Base; path = Base.lproj/Main.storyboard; sourceTree = "<group>"; };
		9EAE44C820290E4A00769F4B /* Assets.xcassets */ = {isa = PBXFileReference; lastKnownFileType = folder.assetcatalog; path = Assets.xcassets; sourceTree = "<group>"; };
		9EAE44CB20290E4A00769F4B /* Base */ = {isa = PBXFileReference; lastKnownFileType = file.storyboard; name = Base; path = Base.lproj/LaunchScreen.storyboard; sourceTree = "<group>"; };
		9EAE44CD20290E4A00769F4B /* Info.plist */ = {isa = PBXFileReference; lastKnownFileType = text.plist.xml; path = Info.plist; sourceTree = "<group>"; };
		9EAE44D220290E4A00769F4B /* ios-recruit-challengeTests.xctest */ = {isa = PBXFileReference; explicitFileType = wrapper.cfbundle; includeInIndex = 0; path = "ios-recruit-challengeTests.xctest"; sourceTree = BUILT_PRODUCTS_DIR; };
		9EAE44D620290E4A00769F4B /* ios_recruit_challengeTests.swift */ = {isa = PBXFileReference; lastKnownFileType = sourcecode.swift; path = ios_recruit_challengeTests.swift; sourceTree = "<group>"; };
		9EAE44D820290E4A00769F4B /* Info.plist */ = {isa = PBXFileReference; lastKnownFileType = text.plist.xml; path = Info.plist; sourceTree = "<group>"; };
		9EAE44DD20290E4A00769F4B /* ios-recruit-challengeUITests.xctest */ = {isa = PBXFileReference; explicitFileType = wrapper.cfbundle; includeInIndex = 0; path = "ios-recruit-challengeUITests.xctest"; sourceTree = BUILT_PRODUCTS_DIR; };
		9EAE44E120290E4A00769F4B /* ios_recruit_challengeUITests.swift */ = {isa = PBXFileReference; lastKnownFileType = sourcecode.swift; path = ios_recruit_challengeUITests.swift; sourceTree = "<group>"; };
		9EAE44E320290E4B00769F4B /* Info.plist */ = {isa = PBXFileReference; lastKnownFileType = text.plist.xml; path = Info.plist; sourceTree = "<group>"; };
		9EAE44F020293C6700769F4B /* MovieApi.swift */ = {isa = PBXFileReference; lastKnownFileType = sourcecode.swift; path = MovieApi.swift; sourceTree = "<group>"; };
		9EAE44F620293E1300769F4B /* Utils.swift */ = {isa = PBXFileReference; lastKnownFileType = sourcecode.swift; path = Utils.swift; sourceTree = "<group>"; };
		9EAE44F82029409100769F4B /* MovieApiError.swift */ = {isa = PBXFileReference; lastKnownFileType = sourcecode.swift; path = MovieApiError.swift; sourceTree = "<group>"; };
		9EAE44FA2029426600769F4B /* GenericResponseString.swift */ = {isa = PBXFileReference; lastKnownFileType = sourcecode.swift; path = GenericResponseString.swift; sourceTree = "<group>"; };
		9EAE44FD202946C500769F4B /* MovieWorker.swift */ = {isa = PBXFileReference; lastKnownFileType = sourcecode.swift; path = MovieWorker.swift; sourceTree = "<group>"; };
		9EAE4501202947A700769F4B /* MovieWorkerTests.swift */ = {isa = PBXFileReference; lastKnownFileType = sourcecode.swift; path = MovieWorkerTests.swift; sourceTree = "<group>"; };
		9EAE450420294BFB00769F4B /* movie_popular_success.json */ = {isa = PBXFileReference; fileEncoding = 4; lastKnownFileType = text.json; path = movie_popular_success.json; sourceTree = "<group>"; };
		9EAE450720294E3D00769F4B /* Movie.swift */ = {isa = PBXFileReference; lastKnownFileType = sourcecode.swift; path = Movie.swift; sourceTree = "<group>"; };
		9EAE450920294EF100769F4B /* MovieResult.swift */ = {isa = PBXFileReference; lastKnownFileType = sourcecode.swift; path = MovieResult.swift; sourceTree = "<group>"; };
		9EAE450B2029595700769F4B /* movie_popular_not_found.json */ = {isa = PBXFileReference; fileEncoding = 4; lastKnownFileType = text.json; path = movie_popular_not_found.json; sourceTree = "<group>"; };
		9EAE450C2029595700769F4B /* movie_popular_unauthorized.json */ = {isa = PBXFileReference; fileEncoding = 4; lastKnownFileType = text.json; path = movie_popular_unauthorized.json; sourceTree = "<group>"; };
		9EAE450F2029CF4300769F4B /* GenreList.swift */ = {isa = PBXFileReference; lastKnownFileType = sourcecode.swift; path = GenreList.swift; sourceTree = "<group>"; };
		9EAE45112029CF4B00769F4B /* Genre.swift */ = {isa = PBXFileReference; lastKnownFileType = sourcecode.swift; path = Genre.swift; sourceTree = "<group>"; };
		9EAE45132029D58B00769F4B /* genre_success.json */ = {isa = PBXFileReference; fileEncoding = 4; lastKnownFileType = text.json; path = genre_success.json; sourceTree = "<group>"; };
		9EAE4515202A0B6400769F4B /* genre_not_found.json */ = {isa = PBXFileReference; fileEncoding = 4; lastKnownFileType = text.json; path = genre_not_found.json; sourceTree = "<group>"; };
		9EAE4516202A0B6400769F4B /* genre_unauthorized.json */ = {isa = PBXFileReference; fileEncoding = 4; lastKnownFileType = text.json; path = genre_unauthorized.json; sourceTree = "<group>"; };
		9EAE4553202A850300769F4B /* MovieDetails.swift */ = {isa = PBXFileReference; lastKnownFileType = sourcecode.swift; path = MovieDetails.swift; sourceTree = "<group>"; };
		9EAE4555202A8B3900769F4B /* movie_details_not_found.json */ = {isa = PBXFileReference; fileEncoding = 4; lastKnownFileType = text.json; path = movie_details_not_found.json; sourceTree = "<group>"; };
		9EAE4556202A8B3900769F4B /* movie_details_success.json */ = {isa = PBXFileReference; fileEncoding = 4; lastKnownFileType = text.json; path = movie_details_success.json; sourceTree = "<group>"; };
		9EAE4557202A8B3900769F4B /* movie_details_unauthorized.json */ = {isa = PBXFileReference; fileEncoding = 4; lastKnownFileType = text.json; path = movie_details_unauthorized.json; sourceTree = "<group>"; };
		A9160794658D609478EEDFB5 /* Pods-ios-recruit-challenge-ios-recruit-challengeTests.release.xcconfig */ = {isa = PBXFileReference; includeInIndex = 1; lastKnownFileType = text.xcconfig; name = "Pods-ios-recruit-challenge-ios-recruit-challengeTests.release.xcconfig"; path = "Pods/Target Support Files/Pods-ios-recruit-challenge-ios-recruit-challengeTests/Pods-ios-recruit-challenge-ios-recruit-challengeTests.release.xcconfig"; sourceTree = "<group>"; };
		C7FCDA70CEAAB80E5100D67F /* Pods_ios_recruit_challenge_ios_recruit_challengeTests.framework */ = {isa = PBXFileReference; explicitFileType = wrapper.framework; includeInIndex = 0; path = Pods_ios_recruit_challenge_ios_recruit_challengeTests.framework; sourceTree = BUILT_PRODUCTS_DIR; };
		D1E62299D74774821536AD86 /* Pods_ios_recruit_challengeTests.framework */ = {isa = PBXFileReference; explicitFileType = wrapper.framework; includeInIndex = 0; path = Pods_ios_recruit_challengeTests.framework; sourceTree = BUILT_PRODUCTS_DIR; };
		D43280D2BF51E2585A208DD0 /* Pods-ios-recruit-challenge-ios-recruit-challengeTests.debug.xcconfig */ = {isa = PBXFileReference; includeInIndex = 1; lastKnownFileType = text.xcconfig; name = "Pods-ios-recruit-challenge-ios-recruit-challengeTests.debug.xcconfig"; path = "Pods/Target Support Files/Pods-ios-recruit-challenge-ios-recruit-challengeTests/Pods-ios-recruit-challenge-ios-recruit-challengeTests.debug.xcconfig"; sourceTree = "<group>"; };
		D6F20C3AAAF14FCAB0E66EBB /* Pods_ios_recruit_challenge.framework */ = {isa = PBXFileReference; explicitFileType = wrapper.framework; includeInIndex = 0; path = Pods_ios_recruit_challenge.framework; sourceTree = BUILT_PRODUCTS_DIR; };
		E4D51A450FCD18A693724559 /* Pods-ios-recruit-challenge-ios-recruit-challengeUITests.release.xcconfig */ = {isa = PBXFileReference; includeInIndex = 1; lastKnownFileType = text.xcconfig; name = "Pods-ios-recruit-challenge-ios-recruit-challengeUITests.release.xcconfig"; path = "Pods/Target Support Files/Pods-ios-recruit-challenge-ios-recruit-challengeUITests/Pods-ios-recruit-challenge-ios-recruit-challengeUITests.release.xcconfig"; sourceTree = "<group>"; };
/* End PBXFileReference section */

/* Begin PBXFrameworksBuildPhase section */
		9EAE44BB20290E4A00769F4B /* Frameworks */ = {
			isa = PBXFrameworksBuildPhase;
			buildActionMask = 2147483647;
			files = (
				E15DEE0456F9FC2D851CACFF /* Pods_ios_recruit_challenge.framework in Frameworks */,
			);
			runOnlyForDeploymentPostprocessing = 0;
		};
		9EAE44CF20290E4A00769F4B /* Frameworks */ = {
			isa = PBXFrameworksBuildPhase;
			buildActionMask = 2147483647;
			files = (
				7B96CAAB0B607F1226F7D379 /* Pods_ios_recruit_challengeTests.framework in Frameworks */,
			);
			runOnlyForDeploymentPostprocessing = 0;
		};
		9EAE44DA20290E4A00769F4B /* Frameworks */ = {
			isa = PBXFrameworksBuildPhase;
			buildActionMask = 2147483647;
			files = (
				0B02B696D38F709BBF606BEA /* Pods_ios_recruit_challenge_ios_recruit_challengeUITests.framework in Frameworks */,
			);
			runOnlyForDeploymentPostprocessing = 0;
		};
/* End PBXFrameworksBuildPhase section */

/* Begin PBXGroup section */
		823D87CDC5243DC3B5FC074C /* Frameworks */ = {
			isa = PBXGroup;
			children = (
				D6F20C3AAAF14FCAB0E66EBB /* Pods_ios_recruit_challenge.framework */,
				C7FCDA70CEAAB80E5100D67F /* Pods_ios_recruit_challenge_ios_recruit_challengeTests.framework */,
				D1E62299D74774821536AD86 /* Pods_ios_recruit_challengeTests.framework */,
				9AACF8794D06070493731069 /* Pods_ios_recruit_challenge_ios_recruit_challengeUITests.framework */,
			);
			name = Frameworks;
			sourceTree = "<group>";
		};
		9EAE44B520290E4A00769F4B = {
			isa = PBXGroup;
			children = (
				9EAE44C020290E4A00769F4B /* ios-recruit-challenge */,
				9EAE44D520290E4A00769F4B /* ios-recruit-challengeTests */,
				9EAE44E020290E4A00769F4B /* ios-recruit-challengeUITests */,
				9EAE44BF20290E4A00769F4B /* Products */,
				EDE0F0F20212C503EDE82C8D /* Pods */,
				823D87CDC5243DC3B5FC074C /* Frameworks */,
			);
			sourceTree = "<group>";
		};
		9EAE44BF20290E4A00769F4B /* Products */ = {
			isa = PBXGroup;
			children = (
				9EAE44BE20290E4A00769F4B /* ios-recruit-challenge.app */,
				9EAE44D220290E4A00769F4B /* ios-recruit-challengeTests.xctest */,
				9EAE44DD20290E4A00769F4B /* ios-recruit-challengeUITests.xctest */,
			);
			name = Products;
			sourceTree = "<group>";
		};
		9EAE44C020290E4A00769F4B /* ios-recruit-challenge */ = {
			isa = PBXGroup;
			children = (
				9EAE44EF20293C2000769F4B /* Api */,
				9EAE44F220293D3900769F4B /* View */,
				9EAE450620294E0800769F4B /* Model */,
				9EAE44C320290E4A00769F4B /* ViewController.swift */,
				9EAE44C120290E4A00769F4B /* AppDelegate.swift */,
				9EAE44C820290E4A00769F4B /* Assets.xcassets */,
				9EAE44CD20290E4A00769F4B /* Info.plist */,
				9EAE44F620293E1300769F4B /* Utils.swift */,
			);
			path = "ios-recruit-challenge";
			sourceTree = "<group>";
		};
		9EAE44D520290E4A00769F4B /* ios-recruit-challengeTests */ = {
			isa = PBXGroup;
			children = (
				9EAE44D620290E4A00769F4B /* ios_recruit_challengeTests.swift */,
				9EAE44D820290E4A00769F4B /* Info.plist */,
			);
			path = "ios-recruit-challengeTests";
			sourceTree = "<group>";
		};
		9EAE44E020290E4A00769F4B /* ios-recruit-challengeUITests */ = {
			isa = PBXGroup;
			children = (
				9EAE44E120290E4A00769F4B /* ios_recruit_challengeUITests.swift */,
				9EAE44E320290E4B00769F4B /* Info.plist */,
			);
			path = "ios-recruit-challengeUITests";
			sourceTree = "<group>";
		};
		9EAE44EF20293C2000769F4B /* Api */ = {
			isa = PBXGroup;
			children = (
				9EAE44FC202945E700769F4B /* Workers */,
				9EAE44F020293C6700769F4B /* MovieApi.swift */,
				9EAE44F82029409100769F4B /* MovieApiError.swift */,
				9EAE44FA2029426600769F4B /* GenericResponseString.swift */,
			);
			path = Api;
			sourceTree = "<group>";
		};
		9EAE44F220293D3900769F4B /* View */ = {
			isa = PBXGroup;
			children = (
				9EAE44F320293D5000769F4B /* Storyboard */,
			);
			path = View;
			sourceTree = "<group>";
		};
		9EAE44F320293D5000769F4B /* Storyboard */ = {
			isa = PBXGroup;
			children = (
				9EAE44C520290E4A00769F4B /* Main.storyboard */,
				9EAE44CA20290E4A00769F4B /* LaunchScreen.storyboard */,
			);
			path = Storyboard;
			sourceTree = "<group>";
		};
		9EAE44FC202945E700769F4B /* Workers */ = {
			isa = PBXGroup;
			children = (
				9EAE450320294B9900769F4B /* Mocks */,
				9EAE44FD202946C500769F4B /* MovieWorker.swift */,
				9EAE4501202947A700769F4B /* MovieWorkerTests.swift */,
			);
			path = Workers;
			sourceTree = "<group>";
		};
		9EAE450320294B9900769F4B /* Mocks */ = {
			isa = PBXGroup;
			children = (
				9EAE4555202A8B3900769F4B /* movie_details_not_found.json */,
				9EAE4556202A8B3900769F4B /* movie_details_success.json */,
				9EAE4557202A8B3900769F4B /* movie_details_unauthorized.json */,
				9EAE4515202A0B6400769F4B /* genre_not_found.json */,
				9EAE4516202A0B6400769F4B /* genre_unauthorized.json */,
				9EAE45132029D58B00769F4B /* genre_success.json */,
				9EAE450420294BFB00769F4B /* movie_popular_success.json */,
				9EAE450C2029595700769F4B /* movie_popular_unauthorized.json */,
				9EAE450B2029595700769F4B /* movie_popular_not_found.json */,
			);
			path = Mocks;
			sourceTree = "<group>";
		};
		9EAE450620294E0800769F4B /* Model */ = {
			isa = PBXGroup;
			children = (
				9EAE450720294E3D00769F4B /* Movie.swift */,
				9EAE450920294EF100769F4B /* MovieResult.swift */,
				9EAE450F2029CF4300769F4B /* GenreList.swift */,
				9EAE45112029CF4B00769F4B /* Genre.swift */,
				9EAE4553202A850300769F4B /* MovieDetails.swift */,
			);
			path = Model;
			sourceTree = "<group>";
		};
		EDE0F0F20212C503EDE82C8D /* Pods */ = {
			isa = PBXGroup;
			children = (
				7B5A8AEB2A0DCA5FCE356061 /* Pods-ios-recruit-challenge.debug.xcconfig */,
				9CD2CBC0D85D5E350244CE7F /* Pods-ios-recruit-challenge.release.xcconfig */,
				D43280D2BF51E2585A208DD0 /* Pods-ios-recruit-challenge-ios-recruit-challengeTests.debug.xcconfig */,
				A9160794658D609478EEDFB5 /* Pods-ios-recruit-challenge-ios-recruit-challengeTests.release.xcconfig */,
				1508C664F0718A24271698BD /* Pods-ios-recruit-challenge-ios-recruit-challengeUITests.debug.xcconfig */,
				E4D51A450FCD18A693724559 /* Pods-ios-recruit-challenge-ios-recruit-challengeUITests.release.xcconfig */,
				3FF0C2657E12A2F0C292D0B0 /* Pods-ios-recruit-challengeTests.debug.xcconfig */,
				2913E20869565E6FF105CBF5 /* Pods-ios-recruit-challengeTests.release.xcconfig */,
			);
			name = Pods;
			sourceTree = "<group>";
		};
/* End PBXGroup section */

/* Begin PBXNativeTarget section */
		9EAE44BD20290E4A00769F4B /* ios-recruit-challenge */ = {
			isa = PBXNativeTarget;
			buildConfigurationList = 9EAE44E620290E4B00769F4B /* Build configuration list for PBXNativeTarget "ios-recruit-challenge" */;
			buildPhases = (
				DCBF12CA804C4254593ADA1D /* [CP] Check Pods Manifest.lock */,
				9EAE44BA20290E4A00769F4B /* Sources */,
				9EAE44BB20290E4A00769F4B /* Frameworks */,
				9EAE44BC20290E4A00769F4B /* Resources */,
				6C794330298BB992A2682319 /* [CP] Embed Pods Frameworks */,
				6D973F7DC33BC988980CFD35 /* [CP] Copy Pods Resources */,
			);
			buildRules = (
			);
			dependencies = (
			);
			name = "ios-recruit-challenge";
			productName = "ios-recruit-challenge";
			productReference = 9EAE44BE20290E4A00769F4B /* ios-recruit-challenge.app */;
			productType = "com.apple.product-type.application";
		};
		9EAE44D120290E4A00769F4B /* ios-recruit-challengeTests */ = {
			isa = PBXNativeTarget;
			buildConfigurationList = 9EAE44E920290E4B00769F4B /* Build configuration list for PBXNativeTarget "ios-recruit-challengeTests" */;
			buildPhases = (
				E27FE08FAB65B5DDF28D6C07 /* [CP] Check Pods Manifest.lock */,
				9EAE44CE20290E4A00769F4B /* Sources */,
				9EAE44CF20290E4A00769F4B /* Frameworks */,
				9EAE44D020290E4A00769F4B /* Resources */,
				7BD3AE41BD9B957698B275C4 /* [CP] Embed Pods Frameworks */,
				975C7CBA931B64FF690E9ECC /* [CP] Copy Pods Resources */,
			);
			buildRules = (
			);
			dependencies = (
				9EAE44D420290E4A00769F4B /* PBXTargetDependency */,
			);
			name = "ios-recruit-challengeTests";
			productName = "ios-recruit-challengeTests";
			productReference = 9EAE44D220290E4A00769F4B /* ios-recruit-challengeTests.xctest */;
			productType = "com.apple.product-type.bundle.unit-test";
		};
		9EAE44DC20290E4A00769F4B /* ios-recruit-challengeUITests */ = {
			isa = PBXNativeTarget;
			buildConfigurationList = 9EAE44EC20290E4B00769F4B /* Build configuration list for PBXNativeTarget "ios-recruit-challengeUITests" */;
			buildPhases = (
				D76BB44FE3443AB191F948E0 /* [CP] Check Pods Manifest.lock */,
				9EAE44D920290E4A00769F4B /* Sources */,
				9EAE44DA20290E4A00769F4B /* Frameworks */,
				9EAE44DB20290E4A00769F4B /* Resources */,
				F2F2812A056A9CEAFF116A8D /* [CP] Embed Pods Frameworks */,
				4DA73A8B5B86BEA80A8281DA /* [CP] Copy Pods Resources */,
			);
			buildRules = (
			);
			dependencies = (
				9EAE44DF20290E4A00769F4B /* PBXTargetDependency */,
			);
			name = "ios-recruit-challengeUITests";
			productName = "ios-recruit-challengeUITests";
			productReference = 9EAE44DD20290E4A00769F4B /* ios-recruit-challengeUITests.xctest */;
			productType = "com.apple.product-type.bundle.ui-testing";
		};
/* End PBXNativeTarget section */

/* Begin PBXProject section */
		9EAE44B620290E4A00769F4B /* Project object */ = {
			isa = PBXProject;
			attributes = {
				LastSwiftUpdateCheck = 0920;
				LastUpgradeCheck = 0920;
				ORGANIZATIONNAME = "Thiago Alexandre Araújo Santiago";
				TargetAttributes = {
					9EAE44BD20290E4A00769F4B = {
						CreatedOnToolsVersion = 9.2;
						ProvisioningStyle = Automatic;
					};
					9EAE44D120290E4A00769F4B = {
						CreatedOnToolsVersion = 9.2;
						ProvisioningStyle = Automatic;
						TestTargetID = 9EAE44BD20290E4A00769F4B;
					};
					9EAE44DC20290E4A00769F4B = {
						CreatedOnToolsVersion = 9.2;
						ProvisioningStyle = Automatic;
						TestTargetID = 9EAE44BD20290E4A00769F4B;
					};
				};
			};
			buildConfigurationList = 9EAE44B920290E4A00769F4B /* Build configuration list for PBXProject "ios-recruit-challenge" */;
			compatibilityVersion = "Xcode 8.0";
			developmentRegion = en;
			hasScannedForEncodings = 0;
			knownRegions = (
				en,
				Base,
			);
			mainGroup = 9EAE44B520290E4A00769F4B;
			productRefGroup = 9EAE44BF20290E4A00769F4B /* Products */;
			projectDirPath = "";
			projectRoot = "";
			targets = (
				9EAE44BD20290E4A00769F4B /* ios-recruit-challenge */,
				9EAE44D120290E4A00769F4B /* ios-recruit-challengeTests */,
				9EAE44DC20290E4A00769F4B /* ios-recruit-challengeUITests */,
			);
		};
/* End PBXProject section */

/* Begin PBXResourcesBuildPhase section */
		9EAE44BC20290E4A00769F4B /* Resources */ = {
			isa = PBXResourcesBuildPhase;
			buildActionMask = 2147483647;
			files = (
				9EAE44CC20290E4A00769F4B /* LaunchScreen.storyboard in Resources */,
				9EAE44C920290E4A00769F4B /* Assets.xcassets in Resources */,
				9EAE44C720290E4A00769F4B /* Main.storyboard in Resources */,
			);
			runOnlyForDeploymentPostprocessing = 0;
		};
		9EAE44D020290E4A00769F4B /* Resources */ = {
			isa = PBXResourcesBuildPhase;
			buildActionMask = 2147483647;
			files = (
				9EAE45142029D58B00769F4B /* genre_success.json in Resources */,
				9EAE450E2029595700769F4B /* movie_popular_unauthorized.json in Resources */,
				9EAE450520294BFB00769F4B /* movie_popular_success.json in Resources */,
				9EAE450D2029595700769F4B /* movie_popular_not_found.json in Resources */,
				9EAE4558202A8B3900769F4B /* movie_details_not_found.json in Resources */,
				9EAE455A202A8B3900769F4B /* movie_details_unauthorized.json in Resources */,
				9EAE4559202A8B3900769F4B /* movie_details_success.json in Resources */,
				9EAE4517202A0B6400769F4B /* genre_not_found.json in Resources */,
				9EAE4518202A0B6400769F4B /* genre_unauthorized.json in Resources */,
				9EAE450520294BFB00769F4B /* movie_popular_success.json in Resources */,
			);
			runOnlyForDeploymentPostprocessing = 0;
		};
		9EAE44DB20290E4A00769F4B /* Resources */ = {
			isa = PBXResourcesBuildPhase;
			buildActionMask = 2147483647;
			files = (
			);
			runOnlyForDeploymentPostprocessing = 0;
		};
/* End PBXResourcesBuildPhase section */

/* Begin PBXShellScriptBuildPhase section */
		4DA73A8B5B86BEA80A8281DA /* [CP] Copy Pods Resources */ = {
			isa = PBXShellScriptBuildPhase;
			buildActionMask = 2147483647;
			files = (
			);
			inputPaths = (
			);
			name = "[CP] Copy Pods Resources";
			outputPaths = (
			);
			runOnlyForDeploymentPostprocessing = 0;
			shellPath = /bin/sh;
			shellScript = "\"${SRCROOT}/Pods/Target Support Files/Pods-ios-recruit-challenge-ios-recruit-challengeUITests/Pods-ios-recruit-challenge-ios-recruit-challengeUITests-resources.sh\"\n";
			showEnvVarsInLog = 0;
		};
		6C794330298BB992A2682319 /* [CP] Embed Pods Frameworks */ = {
			isa = PBXShellScriptBuildPhase;
			buildActionMask = 2147483647;
			files = (
			);
			inputPaths = (
				"${SRCROOT}/Pods/Target Support Files/Pods-ios-recruit-challenge/Pods-ios-recruit-challenge-frameworks.sh",
				"${BUILT_PRODUCTS_DIR}/Alamofire/Alamofire.framework",
				"${BUILT_PRODUCTS_DIR}/AlamofireObjectMapper/AlamofireObjectMapper.framework",
				"${BUILT_PRODUCTS_DIR}/OHHTTPStubs/OHHTTPStubs.framework",
				"${BUILT_PRODUCTS_DIR}/ObjectMapper/ObjectMapper.framework",
			);
			name = "[CP] Embed Pods Frameworks";
			outputPaths = (
				"${TARGET_BUILD_DIR}/${FRAMEWORKS_FOLDER_PATH}/Alamofire.framework",
				"${TARGET_BUILD_DIR}/${FRAMEWORKS_FOLDER_PATH}/AlamofireObjectMapper.framework",
				"${TARGET_BUILD_DIR}/${FRAMEWORKS_FOLDER_PATH}/OHHTTPStubs.framework",
				"${TARGET_BUILD_DIR}/${FRAMEWORKS_FOLDER_PATH}/ObjectMapper.framework",
			);
			runOnlyForDeploymentPostprocessing = 0;
			shellPath = /bin/sh;
			shellScript = "\"${SRCROOT}/Pods/Target Support Files/Pods-ios-recruit-challenge/Pods-ios-recruit-challenge-frameworks.sh\"\n";
			showEnvVarsInLog = 0;
		};
		6D973F7DC33BC988980CFD35 /* [CP] Copy Pods Resources */ = {
			isa = PBXShellScriptBuildPhase;
			buildActionMask = 2147483647;
			files = (
			);
			inputPaths = (
			);
			name = "[CP] Copy Pods Resources";
			outputPaths = (
			);
			runOnlyForDeploymentPostprocessing = 0;
			shellPath = /bin/sh;
			shellScript = "\"${SRCROOT}/Pods/Target Support Files/Pods-ios-recruit-challenge/Pods-ios-recruit-challenge-resources.sh\"\n";
			showEnvVarsInLog = 0;
		};
		7BD3AE41BD9B957698B275C4 /* [CP] Embed Pods Frameworks */ = {
			isa = PBXShellScriptBuildPhase;
			buildActionMask = 2147483647;
			files = (
			);
			inputPaths = (
				"${SRCROOT}/Pods/Target Support Files/Pods-ios-recruit-challengeTests/Pods-ios-recruit-challengeTests-frameworks.sh",
				"${BUILT_PRODUCTS_DIR}/OHHTTPStubs/OHHTTPStubs.framework",
			);
			name = "[CP] Embed Pods Frameworks";
			outputPaths = (
				"${TARGET_BUILD_DIR}/${FRAMEWORKS_FOLDER_PATH}/OHHTTPStubs.framework",
			);
			runOnlyForDeploymentPostprocessing = 0;
			shellPath = /bin/sh;
			shellScript = "\"${SRCROOT}/Pods/Target Support Files/Pods-ios-recruit-challengeTests/Pods-ios-recruit-challengeTests-frameworks.sh\"\n";
			showEnvVarsInLog = 0;
		};
		975C7CBA931B64FF690E9ECC /* [CP] Copy Pods Resources */ = {
			isa = PBXShellScriptBuildPhase;
			buildActionMask = 2147483647;
			files = (
			);
			inputPaths = (
			);
			name = "[CP] Copy Pods Resources";
			outputPaths = (
			);
			runOnlyForDeploymentPostprocessing = 0;
			shellPath = /bin/sh;
			shellScript = "\"${SRCROOT}/Pods/Target Support Files/Pods-ios-recruit-challengeTests/Pods-ios-recruit-challengeTests-resources.sh\"\n";
			showEnvVarsInLog = 0;
		};
		D76BB44FE3443AB191F948E0 /* [CP] Check Pods Manifest.lock */ = {
			isa = PBXShellScriptBuildPhase;
			buildActionMask = 2147483647;
			files = (
			);
			inputPaths = (
				"${PODS_PODFILE_DIR_PATH}/Podfile.lock",
				"${PODS_ROOT}/Manifest.lock",
			);
			name = "[CP] Check Pods Manifest.lock";
			outputPaths = (
				"$(DERIVED_FILE_DIR)/Pods-ios-recruit-challenge-ios-recruit-challengeUITests-checkManifestLockResult.txt",
			);
			runOnlyForDeploymentPostprocessing = 0;
			shellPath = /bin/sh;
			shellScript = "diff \"${PODS_PODFILE_DIR_PATH}/Podfile.lock\" \"${PODS_ROOT}/Manifest.lock\" > /dev/null\nif [ $? != 0 ] ; then\n    # print error to STDERR\n    echo \"error: The sandbox is not in sync with the Podfile.lock. Run 'pod install' or update your CocoaPods installation.\" >&2\n    exit 1\nfi\n# This output is used by Xcode 'outputs' to avoid re-running this script phase.\necho \"SUCCESS\" > \"${SCRIPT_OUTPUT_FILE_0}\"\n";
			showEnvVarsInLog = 0;
		};
		DCBF12CA804C4254593ADA1D /* [CP] Check Pods Manifest.lock */ = {
			isa = PBXShellScriptBuildPhase;
			buildActionMask = 2147483647;
			files = (
			);
			inputPaths = (
				"${PODS_PODFILE_DIR_PATH}/Podfile.lock",
				"${PODS_ROOT}/Manifest.lock",
			);
			name = "[CP] Check Pods Manifest.lock";
			outputPaths = (
				"$(DERIVED_FILE_DIR)/Pods-ios-recruit-challenge-checkManifestLockResult.txt",
			);
			runOnlyForDeploymentPostprocessing = 0;
			shellPath = /bin/sh;
			shellScript = "diff \"${PODS_PODFILE_DIR_PATH}/Podfile.lock\" \"${PODS_ROOT}/Manifest.lock\" > /dev/null\nif [ $? != 0 ] ; then\n    # print error to STDERR\n    echo \"error: The sandbox is not in sync with the Podfile.lock. Run 'pod install' or update your CocoaPods installation.\" >&2\n    exit 1\nfi\n# This output is used by Xcode 'outputs' to avoid re-running this script phase.\necho \"SUCCESS\" > \"${SCRIPT_OUTPUT_FILE_0}\"\n";
			showEnvVarsInLog = 0;
		};
		E27FE08FAB65B5DDF28D6C07 /* [CP] Check Pods Manifest.lock */ = {
			isa = PBXShellScriptBuildPhase;
			buildActionMask = 2147483647;
			files = (
			);
			inputPaths = (
				"${PODS_PODFILE_DIR_PATH}/Podfile.lock",
				"${PODS_ROOT}/Manifest.lock",
			);
			name = "[CP] Check Pods Manifest.lock";
			outputPaths = (
				"$(DERIVED_FILE_DIR)/Pods-ios-recruit-challengeTests-checkManifestLockResult.txt",
			);
			runOnlyForDeploymentPostprocessing = 0;
			shellPath = /bin/sh;
			shellScript = "diff \"${PODS_PODFILE_DIR_PATH}/Podfile.lock\" \"${PODS_ROOT}/Manifest.lock\" > /dev/null\nif [ $? != 0 ] ; then\n    # print error to STDERR\n    echo \"error: The sandbox is not in sync with the Podfile.lock. Run 'pod install' or update your CocoaPods installation.\" >&2\n    exit 1\nfi\n# This output is used by Xcode 'outputs' to avoid re-running this script phase.\necho \"SUCCESS\" > \"${SCRIPT_OUTPUT_FILE_0}\"\n";
			showEnvVarsInLog = 0;
		};
		F2F2812A056A9CEAFF116A8D /* [CP] Embed Pods Frameworks */ = {
			isa = PBXShellScriptBuildPhase;
			buildActionMask = 2147483647;
			files = (
			);
			inputPaths = (
				"${SRCROOT}/Pods/Target Support Files/Pods-ios-recruit-challenge-ios-recruit-challengeUITests/Pods-ios-recruit-challenge-ios-recruit-challengeUITests-frameworks.sh",
				"${BUILT_PRODUCTS_DIR}/Alamofire/Alamofire.framework",
				"${BUILT_PRODUCTS_DIR}/AlamofireObjectMapper/AlamofireObjectMapper.framework",
				"${BUILT_PRODUCTS_DIR}/OHHTTPStubs/OHHTTPStubs.framework",
				"${BUILT_PRODUCTS_DIR}/ObjectMapper/ObjectMapper.framework",
			);
			name = "[CP] Embed Pods Frameworks";
			outputPaths = (
				"${TARGET_BUILD_DIR}/${FRAMEWORKS_FOLDER_PATH}/Alamofire.framework",
				"${TARGET_BUILD_DIR}/${FRAMEWORKS_FOLDER_PATH}/AlamofireObjectMapper.framework",
				"${TARGET_BUILD_DIR}/${FRAMEWORKS_FOLDER_PATH}/OHHTTPStubs.framework",
				"${TARGET_BUILD_DIR}/${FRAMEWORKS_FOLDER_PATH}/ObjectMapper.framework",
			);
			runOnlyForDeploymentPostprocessing = 0;
			shellPath = /bin/sh;
			shellScript = "\"${SRCROOT}/Pods/Target Support Files/Pods-ios-recruit-challenge-ios-recruit-challengeUITests/Pods-ios-recruit-challenge-ios-recruit-challengeUITests-frameworks.sh\"\n";
			showEnvVarsInLog = 0;
		};
/* End PBXShellScriptBuildPhase section */

/* Begin PBXSourcesBuildPhase section */
		9EAE44BA20290E4A00769F4B /* Sources */ = {
			isa = PBXSourcesBuildPhase;
			buildActionMask = 2147483647;
			files = (
				9EAE44F92029409100769F4B /* MovieApiError.swift in Sources */,
				9EAE44C420290E4A00769F4B /* ViewController.swift in Sources */,
				9EAE44F120293C6700769F4B /* MovieApi.swift in Sources */,
				9EAE45122029CF4B00769F4B /* Genre.swift in Sources */,
				9EAE45102029CF4300769F4B /* GenreList.swift in Sources */,
				9EAE44C220290E4A00769F4B /* AppDelegate.swift in Sources */,
				9EAE450A20294EF100769F4B /* MovieResult.swift in Sources */,
				9EAE44F720293E1300769F4B /* Utils.swift in Sources */,
				9EAE44FB2029426600769F4B /* GenericResponseString.swift in Sources */,
				9EAE450820294E3D00769F4B /* Movie.swift in Sources */,
				9EAE44FE202946C500769F4B /* MovieWorker.swift in Sources */,
				9EAE4554202A850300769F4B /* MovieDetails.swift in Sources */,
			);
			runOnlyForDeploymentPostprocessing = 0;
		};
		9EAE44CE20290E4A00769F4B /* Sources */ = {
			isa = PBXSourcesBuildPhase;
			buildActionMask = 2147483647;
			files = (
				9EAE4502202947A700769F4B /* MovieWorkerTests.swift in Sources */,
				9EAE44D720290E4A00769F4B /* ios_recruit_challengeTests.swift in Sources */,
			);
			runOnlyForDeploymentPostprocessing = 0;
		};
		9EAE44D920290E4A00769F4B /* Sources */ = {
			isa = PBXSourcesBuildPhase;
			buildActionMask = 2147483647;
			files = (
				9EAE44E220290E4A00769F4B /* ios_recruit_challengeUITests.swift in Sources */,
			);
			runOnlyForDeploymentPostprocessing = 0;
		};
/* End PBXSourcesBuildPhase section */

/* Begin PBXTargetDependency section */
		9EAE44D420290E4A00769F4B /* PBXTargetDependency */ = {
			isa = PBXTargetDependency;
			target = 9EAE44BD20290E4A00769F4B /* ios-recruit-challenge */;
			targetProxy = 9EAE44D320290E4A00769F4B /* PBXContainerItemProxy */;
		};
		9EAE44DF20290E4A00769F4B /* PBXTargetDependency */ = {
			isa = PBXTargetDependency;
			target = 9EAE44BD20290E4A00769F4B /* ios-recruit-challenge */;
			targetProxy = 9EAE44DE20290E4A00769F4B /* PBXContainerItemProxy */;
		};
/* End PBXTargetDependency section */

/* Begin PBXVariantGroup section */
		9EAE44C520290E4A00769F4B /* Main.storyboard */ = {
			isa = PBXVariantGroup;
			children = (
				9EAE44C620290E4A00769F4B /* Base */,
			);
			name = Main.storyboard;
			sourceTree = "<group>";
		};
		9EAE44CA20290E4A00769F4B /* LaunchScreen.storyboard */ = {
			isa = PBXVariantGroup;
			children = (
				9EAE44CB20290E4A00769F4B /* Base */,
			);
			name = LaunchScreen.storyboard;
			sourceTree = "<group>";
		};
/* End PBXVariantGroup section */

/* Begin XCBuildConfiguration section */
		9EAE44E420290E4B00769F4B /* Debug */ = {
			isa = XCBuildConfiguration;
			buildSettings = {
				ALWAYS_SEARCH_USER_PATHS = NO;
				CLANG_ANALYZER_NONNULL = YES;
				CLANG_ANALYZER_NUMBER_OBJECT_CONVERSION = YES_AGGRESSIVE;
				CLANG_CXX_LANGUAGE_STANDARD = "gnu++14";
				CLANG_CXX_LIBRARY = "libc++";
				CLANG_ENABLE_MODULES = YES;
				CLANG_ENABLE_OBJC_ARC = YES;
				CLANG_WARN_BLOCK_CAPTURE_AUTORELEASING = YES;
				CLANG_WARN_BOOL_CONVERSION = YES;
				CLANG_WARN_COMMA = YES;
				CLANG_WARN_CONSTANT_CONVERSION = YES;
				CLANG_WARN_DIRECT_OBJC_ISA_USAGE = YES_ERROR;
				CLANG_WARN_DOCUMENTATION_COMMENTS = YES;
				CLANG_WARN_EMPTY_BODY = YES;
				CLANG_WARN_ENUM_CONVERSION = YES;
				CLANG_WARN_INFINITE_RECURSION = YES;
				CLANG_WARN_INT_CONVERSION = YES;
				CLANG_WARN_NON_LITERAL_NULL_CONVERSION = YES;
				CLANG_WARN_OBJC_LITERAL_CONVERSION = YES;
				CLANG_WARN_OBJC_ROOT_CLASS = YES_ERROR;
				CLANG_WARN_RANGE_LOOP_ANALYSIS = YES;
				CLANG_WARN_STRICT_PROTOTYPES = YES;
				CLANG_WARN_SUSPICIOUS_MOVE = YES;
				CLANG_WARN_UNGUARDED_AVAILABILITY = YES_AGGRESSIVE;
				CLANG_WARN_UNREACHABLE_CODE = YES;
				CLANG_WARN__DUPLICATE_METHOD_MATCH = YES;
				CODE_SIGN_IDENTITY = "iPhone Developer";
				COPY_PHASE_STRIP = NO;
				DEBUG_INFORMATION_FORMAT = dwarf;
				ENABLE_STRICT_OBJC_MSGSEND = YES;
				ENABLE_TESTABILITY = YES;
				GCC_C_LANGUAGE_STANDARD = gnu11;
				GCC_DYNAMIC_NO_PIC = NO;
				GCC_NO_COMMON_BLOCKS = YES;
				GCC_OPTIMIZATION_LEVEL = 0;
				GCC_PREPROCESSOR_DEFINITIONS = (
					"DEBUG=1",
					"$(inherited)",
				);
				GCC_WARN_64_TO_32_BIT_CONVERSION = YES;
				GCC_WARN_ABOUT_RETURN_TYPE = YES_ERROR;
				GCC_WARN_UNDECLARED_SELECTOR = YES;
				GCC_WARN_UNINITIALIZED_AUTOS = YES_AGGRESSIVE;
				GCC_WARN_UNUSED_FUNCTION = YES;
				GCC_WARN_UNUSED_VARIABLE = YES;
				IPHONEOS_DEPLOYMENT_TARGET = 11.2;
				MTL_ENABLE_DEBUG_INFO = YES;
				ONLY_ACTIVE_ARCH = YES;
				SDKROOT = iphoneos;
				SWIFT_ACTIVE_COMPILATION_CONDITIONS = DEBUG;
				SWIFT_OPTIMIZATION_LEVEL = "-Onone";
			};
			name = Debug;
		};
		9EAE44E520290E4B00769F4B /* Release */ = {
			isa = XCBuildConfiguration;
			buildSettings = {
				ALWAYS_SEARCH_USER_PATHS = NO;
				CLANG_ANALYZER_NONNULL = YES;
				CLANG_ANALYZER_NUMBER_OBJECT_CONVERSION = YES_AGGRESSIVE;
				CLANG_CXX_LANGUAGE_STANDARD = "gnu++14";
				CLANG_CXX_LIBRARY = "libc++";
				CLANG_ENABLE_MODULES = YES;
				CLANG_ENABLE_OBJC_ARC = YES;
				CLANG_WARN_BLOCK_CAPTURE_AUTORELEASING = YES;
				CLANG_WARN_BOOL_CONVERSION = YES;
				CLANG_WARN_COMMA = YES;
				CLANG_WARN_CONSTANT_CONVERSION = YES;
				CLANG_WARN_DIRECT_OBJC_ISA_USAGE = YES_ERROR;
				CLANG_WARN_DOCUMENTATION_COMMENTS = YES;
				CLANG_WARN_EMPTY_BODY = YES;
				CLANG_WARN_ENUM_CONVERSION = YES;
				CLANG_WARN_INFINITE_RECURSION = YES;
				CLANG_WARN_INT_CONVERSION = YES;
				CLANG_WARN_NON_LITERAL_NULL_CONVERSION = YES;
				CLANG_WARN_OBJC_LITERAL_CONVERSION = YES;
				CLANG_WARN_OBJC_ROOT_CLASS = YES_ERROR;
				CLANG_WARN_RANGE_LOOP_ANALYSIS = YES;
				CLANG_WARN_STRICT_PROTOTYPES = YES;
				CLANG_WARN_SUSPICIOUS_MOVE = YES;
				CLANG_WARN_UNGUARDED_AVAILABILITY = YES_AGGRESSIVE;
				CLANG_WARN_UNREACHABLE_CODE = YES;
				CLANG_WARN__DUPLICATE_METHOD_MATCH = YES;
				CODE_SIGN_IDENTITY = "iPhone Developer";
				COPY_PHASE_STRIP = NO;
				DEBUG_INFORMATION_FORMAT = "dwarf-with-dsym";
				ENABLE_NS_ASSERTIONS = NO;
				ENABLE_STRICT_OBJC_MSGSEND = YES;
				GCC_C_LANGUAGE_STANDARD = gnu11;
				GCC_NO_COMMON_BLOCKS = YES;
				GCC_WARN_64_TO_32_BIT_CONVERSION = YES;
				GCC_WARN_ABOUT_RETURN_TYPE = YES_ERROR;
				GCC_WARN_UNDECLARED_SELECTOR = YES;
				GCC_WARN_UNINITIALIZED_AUTOS = YES_AGGRESSIVE;
				GCC_WARN_UNUSED_FUNCTION = YES;
				GCC_WARN_UNUSED_VARIABLE = YES;
				IPHONEOS_DEPLOYMENT_TARGET = 11.2;
				MTL_ENABLE_DEBUG_INFO = NO;
				SDKROOT = iphoneos;
				SWIFT_OPTIMIZATION_LEVEL = "-Owholemodule";
				VALIDATE_PRODUCT = YES;
			};
			name = Release;
		};
		9EAE44E720290E4B00769F4B /* Debug */ = {
			isa = XCBuildConfiguration;
			baseConfigurationReference = 7B5A8AEB2A0DCA5FCE356061 /* Pods-ios-recruit-challenge.debug.xcconfig */;
			buildSettings = {
				ASSETCATALOG_COMPILER_APPICON_NAME = AppIcon;
				CODE_SIGN_STYLE = Automatic;
				DEVELOPMENT_TEAM = 576KM82K6Z;
				INFOPLIST_FILE = "ios-recruit-challenge/Info.plist";
				LD_RUNPATH_SEARCH_PATHS = "$(inherited) @executable_path/Frameworks";
				PRODUCT_BUNDLE_IDENTIFIER = "br.com.thiagosantiago.ios-recruit-challenge";
				PRODUCT_NAME = "$(TARGET_NAME)";
				SWIFT_VERSION = 4.0;
				TARGETED_DEVICE_FAMILY = "1,2";
			};
			name = Debug;
		};
		9EAE44E820290E4B00769F4B /* Release */ = {
			isa = XCBuildConfiguration;
			baseConfigurationReference = 9CD2CBC0D85D5E350244CE7F /* Pods-ios-recruit-challenge.release.xcconfig */;
			buildSettings = {
				ASSETCATALOG_COMPILER_APPICON_NAME = AppIcon;
				CODE_SIGN_STYLE = Automatic;
				DEVELOPMENT_TEAM = 576KM82K6Z;
				INFOPLIST_FILE = "ios-recruit-challenge/Info.plist";
				LD_RUNPATH_SEARCH_PATHS = "$(inherited) @executable_path/Frameworks";
				PRODUCT_BUNDLE_IDENTIFIER = "br.com.thiagosantiago.ios-recruit-challenge";
				PRODUCT_NAME = "$(TARGET_NAME)";
				SWIFT_VERSION = 4.0;
				TARGETED_DEVICE_FAMILY = "1,2";
			};
			name = Release;
		};
		9EAE44EA20290E4B00769F4B /* Debug */ = {
			isa = XCBuildConfiguration;
			baseConfigurationReference = 3FF0C2657E12A2F0C292D0B0 /* Pods-ios-recruit-challengeTests.debug.xcconfig */;
			buildSettings = {
				ALWAYS_EMBED_SWIFT_STANDARD_LIBRARIES = YES;
				BUNDLE_LOADER = "$(TEST_HOST)";
				CODE_SIGN_STYLE = Automatic;
				DEVELOPMENT_TEAM = 576KM82K6Z;
				INFOPLIST_FILE = "ios-recruit-challengeTests/Info.plist";
				LD_RUNPATH_SEARCH_PATHS = "$(inherited) @executable_path/Frameworks @loader_path/Frameworks";
				PRODUCT_BUNDLE_IDENTIFIER = "br.com.thiagosantiago.ios-recruit-challengeTests";
				PRODUCT_NAME = "$(TARGET_NAME)";
				SWIFT_VERSION = 4.0;
				TARGETED_DEVICE_FAMILY = "1,2";
				TEST_HOST = "$(BUILT_PRODUCTS_DIR)/ios-recruit-challenge.app/ios-recruit-challenge";
			};
			name = Debug;
		};
		9EAE44EB20290E4B00769F4B /* Release */ = {
			isa = XCBuildConfiguration;
			baseConfigurationReference = 2913E20869565E6FF105CBF5 /* Pods-ios-recruit-challengeTests.release.xcconfig */;
			buildSettings = {
				ALWAYS_EMBED_SWIFT_STANDARD_LIBRARIES = YES;
				BUNDLE_LOADER = "$(TEST_HOST)";
				CODE_SIGN_STYLE = Automatic;
				DEVELOPMENT_TEAM = 576KM82K6Z;
				INFOPLIST_FILE = "ios-recruit-challengeTests/Info.plist";
				LD_RUNPATH_SEARCH_PATHS = "$(inherited) @executable_path/Frameworks @loader_path/Frameworks";
				PRODUCT_BUNDLE_IDENTIFIER = "br.com.thiagosantiago.ios-recruit-challengeTests";
				PRODUCT_NAME = "$(TARGET_NAME)";
				SWIFT_VERSION = 4.0;
				TARGETED_DEVICE_FAMILY = "1,2";
				TEST_HOST = "$(BUILT_PRODUCTS_DIR)/ios-recruit-challenge.app/ios-recruit-challenge";
			};
			name = Release;
		};
		9EAE44ED20290E4B00769F4B /* Debug */ = {
			isa = XCBuildConfiguration;
			baseConfigurationReference = 1508C664F0718A24271698BD /* Pods-ios-recruit-challenge-ios-recruit-challengeUITests.debug.xcconfig */;
			buildSettings = {
				ALWAYS_EMBED_SWIFT_STANDARD_LIBRARIES = YES;
				CODE_SIGN_STYLE = Automatic;
				DEVELOPMENT_TEAM = 576KM82K6Z;
				INFOPLIST_FILE = "ios-recruit-challengeUITests/Info.plist";
				LD_RUNPATH_SEARCH_PATHS = "$(inherited) @executable_path/Frameworks @loader_path/Frameworks";
				PRODUCT_BUNDLE_IDENTIFIER = "br.com.thiagosantiago.ios-recruit-challengeUITests";
				PRODUCT_NAME = "$(TARGET_NAME)";
				SWIFT_VERSION = 4.0;
				TARGETED_DEVICE_FAMILY = "1,2";
				TEST_TARGET_NAME = "ios-recruit-challenge";
			};
			name = Debug;
		};
		9EAE44EE20290E4B00769F4B /* Release */ = {
			isa = XCBuildConfiguration;
			baseConfigurationReference = E4D51A450FCD18A693724559 /* Pods-ios-recruit-challenge-ios-recruit-challengeUITests.release.xcconfig */;
			buildSettings = {
				ALWAYS_EMBED_SWIFT_STANDARD_LIBRARIES = YES;
				CODE_SIGN_STYLE = Automatic;
				DEVELOPMENT_TEAM = 576KM82K6Z;
				INFOPLIST_FILE = "ios-recruit-challengeUITests/Info.plist";
				LD_RUNPATH_SEARCH_PATHS = "$(inherited) @executable_path/Frameworks @loader_path/Frameworks";
				PRODUCT_BUNDLE_IDENTIFIER = "br.com.thiagosantiago.ios-recruit-challengeUITests";
				PRODUCT_NAME = "$(TARGET_NAME)";
				SWIFT_VERSION = 4.0;
				TARGETED_DEVICE_FAMILY = "1,2";
				TEST_TARGET_NAME = "ios-recruit-challenge";
			};
			name = Release;
		};
/* End XCBuildConfiguration section */

/* Begin XCConfigurationList section */
		9EAE44B920290E4A00769F4B /* Build configuration list for PBXProject "ios-recruit-challenge" */ = {
			isa = XCConfigurationList;
			buildConfigurations = (
				9EAE44E420290E4B00769F4B /* Debug */,
				9EAE44E520290E4B00769F4B /* Release */,
			);
			defaultConfigurationIsVisible = 0;
			defaultConfigurationName = Release;
		};
		9EAE44E620290E4B00769F4B /* Build configuration list for PBXNativeTarget "ios-recruit-challenge" */ = {
			isa = XCConfigurationList;
			buildConfigurations = (
				9EAE44E720290E4B00769F4B /* Debug */,
				9EAE44E820290E4B00769F4B /* Release */,
			);
			defaultConfigurationIsVisible = 0;
			defaultConfigurationName = Release;
		};
		9EAE44E920290E4B00769F4B /* Build configuration list for PBXNativeTarget "ios-recruit-challengeTests" */ = {
			isa = XCConfigurationList;
			buildConfigurations = (
				9EAE44EA20290E4B00769F4B /* Debug */,
				9EAE44EB20290E4B00769F4B /* Release */,
			);
			defaultConfigurationIsVisible = 0;
			defaultConfigurationName = Release;
		};
		9EAE44EC20290E4B00769F4B /* Build configuration list for PBXNativeTarget "ios-recruit-challengeUITests" */ = {
			isa = XCConfigurationList;
			buildConfigurations = (
				9EAE44ED20290E4B00769F4B /* Debug */,
				9EAE44EE20290E4B00769F4B /* Release */,
			);
			defaultConfigurationIsVisible = 0;
			defaultConfigurationName = Release;
		};
/* End XCConfigurationList section */
	};
	rootObject = 9EAE44B620290E4A00769F4B /* Project object */;
}
